{
  "pins" : [
    {
      "identity" : "pinlayout",
      "kind" : "remoteSourceControl",
      "location" : "https://github.com/layoutBox/PinLayout.git",
      "state" : {
        "branch" : "master",
        "revision" : "babea9c8e821dfb0687e66c123fed2006e688929"
      }
    }
  ],
  "version" : 2
}
